// !$*UTF8*$!
{
	archiveVersion = 1;
	classes = {
	};
	objectVersion = 56;
	objects = {

/* Begin PBXBuildFile section */
		991354722AB78AD800EE7FB3 /* AppDelegate.swift in Sources */ = {isa = PBXBuildFile; fileRef = 991354712AB78AD800EE7FB3 /* AppDelegate.swift */; };
		991354742AB78AD800EE7FB3 /* SceneDelegate.swift in Sources */ = {isa = PBXBuildFile; fileRef = 991354732AB78AD800EE7FB3 /* SceneDelegate.swift */; };
		991354792AB78AD800EE7FB3 /* Main.storyboard in Resources */ = {isa = PBXBuildFile; fileRef = 991354772AB78AD800EE7FB3 /* Main.storyboard */; };
		9913547B2AB78ADA00EE7FB3 /* Assets.xcassets in Resources */ = {isa = PBXBuildFile; fileRef = 9913547A2AB78ADA00EE7FB3 /* Assets.xcassets */; };
		9913547E2AB78ADA00EE7FB3 /* LaunchScreen.storyboard in Resources */ = {isa = PBXBuildFile; fileRef = 9913547C2AB78ADA00EE7FB3 /* LaunchScreen.storyboard */; };
		991354882AB7A44900EE7FB3 /* DraftViewController.swift in Sources */ = {isa = PBXBuildFile; fileRef = 991354872AB7A44900EE7FB3 /* DraftViewController.swift */; };
		99AB96B62AB8029C0032B3B0 /* OptionCell.xib in Resources */ = {isa = PBXBuildFile; fileRef = 99AB96B52AB8029C0032B3B0 /* OptionCell.xib */; };
		99AB96C12ABCFD4F0032B3B0 /* ImahenFilter.swift in Sources */ = {isa = PBXBuildFile; fileRef = 99AB96C02ABCFD4F0032B3B0 /* ImahenFilter.swift */; };
		99AB96C32ABD00BF0032B3B0 /* OptionCell.swift in Sources */ = {isa = PBXBuildFile; fileRef = 99AB96C22ABD00BF0032B3B0 /* OptionCell.swift */; };
		99AB96C52ABD02980032B3B0 /* ViewController.swift in Sources */ = {isa = PBXBuildFile; fileRef = 99AB96C42ABD02980032B3B0 /* ViewController.swift */; };
		99AB96CF2ABE697C0032B3B0 /* Imahen2Tests.swift in Sources */ = {isa = PBXBuildFile; fileRef = 99AB96CE2ABE697C0032B3B0 /* Imahen2Tests.swift */; };
		99AB96DC2ABE70D30032B3B0 /* Imahen2UITests.swift in Sources */ = {isa = PBXBuildFile; fileRef = 99AB96DB2ABE70D30032B3B0 /* Imahen2UITests.swift */; };
		99AB96DE2ABE70D30032B3B0 /* Imahen2UITestsLaunchTests.swift in Sources */ = {isa = PBXBuildFile; fileRef = 99AB96DD2ABE70D30032B3B0 /* Imahen2UITestsLaunchTests.swift */; };
/* End PBXBuildFile section */

/* Begin PBXContainerItemProxy section */
		99AB96D02ABE697C0032B3B0 /* PBXContainerItemProxy */ = {
			isa = PBXContainerItemProxy;
			containerPortal = 991354662AB78AD800EE7FB3 /* Project object */;
			proxyType = 1;
			remoteGlobalIDString = 9913546D2AB78AD800EE7FB3;
			remoteInfo = Imahen2;
		};
		99AB96DF2ABE70D30032B3B0 /* PBXContainerItemProxy */ = {
			isa = PBXContainerItemProxy;
			containerPortal = 991354662AB78AD800EE7FB3 /* Project object */;
			proxyType = 1;
			remoteGlobalIDString = 9913546D2AB78AD800EE7FB3;
			remoteInfo = Imahen2;
		};
/* End PBXContainerItemProxy section */

/* Begin PBXFileReference section */
		9913546E2AB78AD800EE7FB3 /* Imahen2.app */ = {isa = PBXFileReference; explicitFileType = wrapper.application; includeInIndex = 0; path = Imahen2.app; sourceTree = BUILT_PRODUCTS_DIR; };
		991354712AB78AD800EE7FB3 /* AppDelegate.swift */ = {isa = PBXFileReference; lastKnownFileType = sourcecode.swift; path = AppDelegate.swift; sourceTree = "<group>"; };
		991354732AB78AD800EE7FB3 /* SceneDelegate.swift */ = {isa = PBXFileReference; lastKnownFileType = sourcecode.swift; path = SceneDelegate.swift; sourceTree = "<group>"; };
		991354782AB78AD800EE7FB3 /* Base */ = {isa = PBXFileReference; lastKnownFileType = file.storyboard; name = Base; path = Base.lproj/Main.storyboard; sourceTree = "<group>"; };
		9913547A2AB78ADA00EE7FB3 /* Assets.xcassets */ = {isa = PBXFileReference; lastKnownFileType = folder.assetcatalog; path = Assets.xcassets; sourceTree = "<group>"; };
		9913547D2AB78ADA00EE7FB3 /* Base */ = {isa = PBXFileReference; lastKnownFileType = file.storyboard; name = Base; path = Base.lproj/LaunchScreen.storyboard; sourceTree = "<group>"; };
		9913547F2AB78ADA00EE7FB3 /* Info.plist */ = {isa = PBXFileReference; lastKnownFileType = text.plist.xml; path = Info.plist; sourceTree = "<group>"; };
		991354872AB7A44900EE7FB3 /* DraftViewController.swift */ = {isa = PBXFileReference; lastKnownFileType = sourcecode.swift; path = DraftViewController.swift; sourceTree = "<group>"; };
		99AB96B52AB8029C0032B3B0 /* OptionCell.xib */ = {isa = PBXFileReference; lastKnownFileType = file.xib; path = OptionCell.xib; sourceTree = "<group>"; };
		99AB96C02ABCFD4F0032B3B0 /* ImahenFilter.swift */ = {isa = PBXFileReference; lastKnownFileType = sourcecode.swift; path = ImahenFilter.swift; sourceTree = "<group>"; };
		99AB96C22ABD00BF0032B3B0 /* OptionCell.swift */ = {isa = PBXFileReference; lastKnownFileType = sourcecode.swift; path = OptionCell.swift; sourceTree = "<group>"; };
		99AB96C42ABD02980032B3B0 /* ViewController.swift */ = {isa = PBXFileReference; lastKnownFileType = sourcecode.swift; path = ViewController.swift; sourceTree = "<group>"; };
		99AB96CC2ABE697C0032B3B0 /* Imahen2Tests.xctest */ = {isa = PBXFileReference; explicitFileType = wrapper.cfbundle; includeInIndex = 0; path = Imahen2Tests.xctest; sourceTree = BUILT_PRODUCTS_DIR; };
		99AB96CE2ABE697C0032B3B0 /* Imahen2Tests.swift */ = {isa = PBXFileReference; lastKnownFileType = sourcecode.swift; path = Imahen2Tests.swift; sourceTree = "<group>"; };
		99AB96D92ABE70D30032B3B0 /* Imahen2UITests.xctest */ = {isa = PBXFileReference; explicitFileType = wrapper.cfbundle; includeInIndex = 0; path = Imahen2UITests.xctest; sourceTree = BUILT_PRODUCTS_DIR; };
		99AB96DB2ABE70D30032B3B0 /* Imahen2UITests.swift */ = {isa = PBXFileReference; lastKnownFileType = sourcecode.swift; path = Imahen2UITests.swift; sourceTree = "<group>"; };
		99AB96DD2ABE70D30032B3B0 /* Imahen2UITestsLaunchTests.swift */ = {isa = PBXFileReference; lastKnownFileType = sourcecode.swift; path = Imahen2UITestsLaunchTests.swift; sourceTree = "<group>"; };
/* End PBXFileReference section */

/* Begin PBXFrameworksBuildPhase section */
		9913546B2AB78AD800EE7FB3 /* Frameworks */ = {
			isa = PBXFrameworksBuildPhase;
			buildActionMask = 2147483647;
			files = (
			);
			runOnlyForDeploymentPostprocessing = 0;
		};
		99AB96C92ABE697C0032B3B0 /* Frameworks */ = {
			isa = PBXFrameworksBuildPhase;
			buildActionMask = 2147483647;
			files = (
			);
			runOnlyForDeploymentPostprocessing = 0;
		};
		99AB96D62ABE70D30032B3B0 /* Frameworks */ = {
			isa = PBXFrameworksBuildPhase;
			buildActionMask = 2147483647;
			files = (
			);
			runOnlyForDeploymentPostprocessing = 0;
		};
/* End PBXFrameworksBuildPhase section */

/* Begin PBXGroup section */
		991354652AB78AD800EE7FB3 = {
			isa = PBXGroup;
			children = (
				991354702AB78AD800EE7FB3 /* Imahen2 */,
				99AB96CD2ABE697C0032B3B0 /* Imahen2Tests */,
				99AB96DA2ABE70D30032B3B0 /* Imahen2UITests */,
				9913546F2AB78AD800EE7FB3 /* Products */,
			);
			sourceTree = "<group>";
		};
		9913546F2AB78AD800EE7FB3 /* Products */ = {
			isa = PBXGroup;
			children = (
				9913546E2AB78AD800EE7FB3 /* Imahen2.app */,
				99AB96CC2ABE697C0032B3B0 /* Imahen2Tests.xctest */,
				99AB96D92ABE70D30032B3B0 /* Imahen2UITests.xctest */,
			);
			name = Products;
			sourceTree = "<group>";
		};
		991354702AB78AD800EE7FB3 /* Imahen2 */ = {
			isa = PBXGroup;
			children = (
				99AB96C72ABE690D0032B3B0 /* Tests */,
				99AB96BF2ABCFD350032B3B0 /* Model */,
				99AB96BA2ABAB74B0032B3B0 /* View */,
				99AB96B92ABAB73C0032B3B0 /* Controllers */,
				991354712AB78AD800EE7FB3 /* AppDelegate.swift */,
				991354732AB78AD800EE7FB3 /* SceneDelegate.swift */,
				991354772AB78AD800EE7FB3 /* Main.storyboard */,
				9913547A2AB78ADA00EE7FB3 /* Assets.xcassets */,
				9913547C2AB78ADA00EE7FB3 /* LaunchScreen.storyboard */,
				9913547F2AB78ADA00EE7FB3 /* Info.plist */,
			);
			path = Imahen2;
			sourceTree = "<group>";
		};
		99AB96B92ABAB73C0032B3B0 /* Controllers */ = {
			isa = PBXGroup;
			children = (
				99AB96C42ABD02980032B3B0 /* ViewController.swift */,
				991354872AB7A44900EE7FB3 /* DraftViewController.swift */,
			);
			path = Controllers;
			sourceTree = "<group>";
		};
		99AB96BA2ABAB74B0032B3B0 /* View */ = {
			isa = PBXGroup;
			children = (
				99AB96B52AB8029C0032B3B0 /* OptionCell.xib */,
				99AB96C22ABD00BF0032B3B0 /* OptionCell.swift */,
			);
			path = View;
			sourceTree = "<group>";
		};
		99AB96BF2ABCFD350032B3B0 /* Model */ = {
			isa = PBXGroup;
			children = (
				99AB96C02ABCFD4F0032B3B0 /* ImahenFilter.swift */,
			);
			path = Model;
			sourceTree = "<group>";
		};
		99AB96C72ABE690D0032B3B0 /* Tests */ = {
			isa = PBXGroup;
			children = (
			);
			path = Tests;
			sourceTree = "<group>";
		};
		99AB96CD2ABE697C0032B3B0 /* Imahen2Tests */ = {
			isa = PBXGroup;
			children = (
				99AB96CE2ABE697C0032B3B0 /* Imahen2Tests.swift */,
			);
			path = Imahen2Tests;
			sourceTree = "<group>";
		};
		99AB96DA2ABE70D30032B3B0 /* Imahen2UITests */ = {
			isa = PBXGroup;
			children = (
				99AB96DB2ABE70D30032B3B0 /* Imahen2UITests.swift */,
				99AB96DD2ABE70D30032B3B0 /* Imahen2UITestsLaunchTests.swift */,
			);
			path = Imahen2UITests;
			sourceTree = "<group>";
		};
/* End PBXGroup section */

/* Begin PBXNativeTarget section */
		9913546D2AB78AD800EE7FB3 /* Imahen2 */ = {
			isa = PBXNativeTarget;
			buildConfigurationList = 991354822AB78ADA00EE7FB3 /* Build configuration list for PBXNativeTarget "Imahen2" */;
			buildPhases = (
				9913546A2AB78AD800EE7FB3 /* Sources */,
				9913546B2AB78AD800EE7FB3 /* Frameworks */,
				9913546C2AB78AD800EE7FB3 /* Resources */,
			);
			buildRules = (
			);
			dependencies = (
			);
			name = Imahen2;
			productName = Imahen2;
			productReference = 9913546E2AB78AD800EE7FB3 /* Imahen2.app */;
			productType = "com.apple.product-type.application";
		};
		99AB96CB2ABE697C0032B3B0 /* Imahen2Tests */ = {
			isa = PBXNativeTarget;
			buildConfigurationList = 99AB96D22ABE697C0032B3B0 /* Build configuration list for PBXNativeTarget "Imahen2Tests" */;
			buildPhases = (
				99AB96C82ABE697C0032B3B0 /* Sources */,
				99AB96C92ABE697C0032B3B0 /* Frameworks */,
				99AB96CA2ABE697C0032B3B0 /* Resources */,
			);
			buildRules = (
			);
			dependencies = (
				99AB96D12ABE697C0032B3B0 /* PBXTargetDependency */,
			);
			name = Imahen2Tests;
			productName = Imahen2Tests;
			productReference = 99AB96CC2ABE697C0032B3B0 /* Imahen2Tests.xctest */;
			productType = "com.apple.product-type.bundle.unit-test";
		};
		99AB96D82ABE70D30032B3B0 /* Imahen2UITests */ = {
			isa = PBXNativeTarget;
			buildConfigurationList = 99AB96E12ABE70D30032B3B0 /* Build configuration list for PBXNativeTarget "Imahen2UITests" */;
			buildPhases = (
				99AB96D52ABE70D30032B3B0 /* Sources */,
				99AB96D62ABE70D30032B3B0 /* Frameworks */,
				99AB96D72ABE70D30032B3B0 /* Resources */,
			);
			buildRules = (
			);
			dependencies = (
				99AB96E02ABE70D30032B3B0 /* PBXTargetDependency */,
			);
			name = Imahen2UITests;
			productName = Imahen2UITests;
			productReference = 99AB96D92ABE70D30032B3B0 /* Imahen2UITests.xctest */;
			productType = "com.apple.product-type.bundle.ui-testing";
		};
/* End PBXNativeTarget section */

/* Begin PBXProject section */
		991354662AB78AD800EE7FB3 /* Project object */ = {
			isa = PBXProject;
			attributes = {
				BuildIndependentTargetsInParallel = 1;
				LastSwiftUpdateCheck = 1430;
				LastUpgradeCheck = 1430;
				TargetAttributes = {
					9913546D2AB78AD800EE7FB3 = {
						CreatedOnToolsVersion = 14.3.1;
					};
					99AB96CB2ABE697C0032B3B0 = {
						CreatedOnToolsVersion = 14.3.1;
						TestTargetID = 9913546D2AB78AD800EE7FB3;
					};
					99AB96D82ABE70D30032B3B0 = {
						CreatedOnToolsVersion = 14.3.1;
						TestTargetID = 9913546D2AB78AD800EE7FB3;
					};
				};
			};
			buildConfigurationList = 991354692AB78AD800EE7FB3 /* Build configuration list for PBXProject "Imahen2" */;
			compatibilityVersion = "Xcode 14.0";
			developmentRegion = en;
			hasScannedForEncodings = 0;
			knownRegions = (
				en,
				Base,
			);
			mainGroup = 991354652AB78AD800EE7FB3;
			productRefGroup = 9913546F2AB78AD800EE7FB3 /* Products */;
			projectDirPath = "";
			projectRoot = "";
			targets = (
				9913546D2AB78AD800EE7FB3 /* Imahen2 */,
				99AB96CB2ABE697C0032B3B0 /* Imahen2Tests */,
				99AB96D82ABE70D30032B3B0 /* Imahen2UITests */,
			);
		};
/* End PBXProject section */

/* Begin PBXResourcesBuildPhase section */
		9913546C2AB78AD800EE7FB3 /* Resources */ = {
			isa = PBXResourcesBuildPhase;
			buildActionMask = 2147483647;
			files = (
				99AB96B62AB8029C0032B3B0 /* OptionCell.xib in Resources */,
				9913547E2AB78ADA00EE7FB3 /* LaunchScreen.storyboard in Resources */,
				9913547B2AB78ADA00EE7FB3 /* Assets.xcassets in Resources */,
				991354792AB78AD800EE7FB3 /* Main.storyboard in Resources */,
			);
			runOnlyForDeploymentPostprocessing = 0;
		};
		99AB96CA2ABE697C0032B3B0 /* Resources */ = {
			isa = PBXResourcesBuildPhase;
			buildActionMask = 2147483647;
			files = (
			);
			runOnlyForDeploymentPostprocessing = 0;
		};
		99AB96D72ABE70D30032B3B0 /* Resources */ = {
			isa = PBXResourcesBuildPhase;
			buildActionMask = 2147483647;
			files = (
			);
			runOnlyForDeploymentPostprocessing = 0;
		};
/* End PBXResourcesBuildPhase section */

/* Begin PBXSourcesBuildPhase section */
		9913546A2AB78AD800EE7FB3 /* Sources */ = {
			isa = PBXSourcesBuildPhase;
			buildActionMask = 2147483647;
			files = (
				99AB96C52ABD02980032B3B0 /* ViewController.swift in Sources */,
				99AB96C12ABCFD4F0032B3B0 /* ImahenFilter.swift in Sources */,
				991354882AB7A44900EE7FB3 /* DraftViewController.swift in Sources */,
				99AB96C32ABD00BF0032B3B0 /* OptionCell.swift in Sources */,
				991354722AB78AD800EE7FB3 /* AppDelegate.swift in Sources */,
				991354742AB78AD800EE7FB3 /* SceneDelegate.swift in Sources */,
			);
			runOnlyForDeploymentPostprocessing = 0;
		};
		99AB96C82ABE697C0032B3B0 /* Sources */ = {
			isa = PBXSourcesBuildPhase;
			buildActionMask = 2147483647;
			files = (
				99AB96CF2ABE697C0032B3B0 /* Imahen2Tests.swift in Sources */,
			);
			runOnlyForDeploymentPostprocessing = 0;
		};
		99AB96D52ABE70D30032B3B0 /* Sources */ = {
			isa = PBXSourcesBuildPhase;
			buildActionMask = 2147483647;
			files = (
				99AB96DC2ABE70D30032B3B0 /* Imahen2UITests.swift in Sources */,
				99AB96DE2ABE70D30032B3B0 /* Imahen2UITestsLaunchTests.swift in Sources */,
			);
			runOnlyForDeploymentPostprocessing = 0;
		};
/* End PBXSourcesBuildPhase section */

/* Begin PBXTargetDependency section */
		99AB96D12ABE697C0032B3B0 /* PBXTargetDependency */ = {
			isa = PBXTargetDependency;
			target = 9913546D2AB78AD800EE7FB3 /* Imahen2 */;
			targetProxy = 99AB96D02ABE697C0032B3B0 /* PBXContainerItemProxy */;
		};
		99AB96E02ABE70D30032B3B0 /* PBXTargetDependency */ = {
			isa = PBXTargetDependency;
			target = 9913546D2AB78AD800EE7FB3 /* Imahen2 */;
			targetProxy = 99AB96DF2ABE70D30032B3B0 /* PBXContainerItemProxy */;
		};
/* End PBXTargetDependency section */

/* Begin PBXVariantGroup section */
		991354772AB78AD800EE7FB3 /* Main.storyboard */ = {
			isa = PBXVariantGroup;
			children = (
				991354782AB78AD800EE7FB3 /* Base */,
			);
			name = Main.storyboard;
			sourceTree = "<group>";
		};
		9913547C2AB78ADA00EE7FB3 /* LaunchScreen.storyboard */ = {
			isa = PBXVariantGroup;
			children = (
				9913547D2AB78ADA00EE7FB3 /* Base */,
			);
			name = LaunchScreen.storyboard;
			sourceTree = "<group>";
		};
/* End PBXVariantGroup section */

/* Begin XCBuildConfiguration section */
		991354802AB78ADA00EE7FB3 /* Debug */ = {
			isa = XCBuildConfiguration;
			buildSettings = {
				ALWAYS_SEARCH_USER_PATHS = NO;
				CLANG_ANALYZER_NONNULL = YES;
				CLANG_ANALYZER_NUMBER_OBJECT_CONVERSION = YES_AGGRESSIVE;
				CLANG_CXX_LANGUAGE_STANDARD = "gnu++20";
				CLANG_ENABLE_MODULES = YES;
				CLANG_ENABLE_OBJC_ARC = YES;
				CLANG_ENABLE_OBJC_WEAK = YES;
				CLANG_WARN_BLOCK_CAPTURE_AUTORELEASING = YES;
				CLANG_WARN_BOOL_CONVERSION = YES;
				CLANG_WARN_COMMA = YES;
				CLANG_WARN_CONSTANT_CONVERSION = YES;
				CLANG_WARN_DEPRECATED_OBJC_IMPLEMENTATIONS = YES;
				CLANG_WARN_DIRECT_OBJC_ISA_USAGE = YES_ERROR;
				CLANG_WARN_DOCUMENTATION_COMMENTS = YES;
				CLANG_WARN_EMPTY_BODY = YES;
				CLANG_WARN_ENUM_CONVERSION = YES;
				CLANG_WARN_INFINITE_RECURSION = YES;
				CLANG_WARN_INT_CONVERSION = YES;
				CLANG_WARN_NON_LITERAL_NULL_CONVERSION = YES;
				CLANG_WARN_OBJC_IMPLICIT_RETAIN_SELF = YES;
				CLANG_WARN_OBJC_LITERAL_CONVERSION = YES;
				CLANG_WARN_OBJC_ROOT_CLASS = YES_ERROR;
				CLANG_WARN_QUOTED_INCLUDE_IN_FRAMEWORK_HEADER = YES;
				CLANG_WARN_RANGE_LOOP_ANALYSIS = YES;
				CLANG_WARN_STRICT_PROTOTYPES = YES;
				CLANG_WARN_SUSPICIOUS_MOVE = YES;
				CLANG_WARN_UNGUARDED_AVAILABILITY = YES_AGGRESSIVE;
				CLANG_WARN_UNREACHABLE_CODE = YES;
				CLANG_WARN__DUPLICATE_METHOD_MATCH = YES;
				COPY_PHASE_STRIP = NO;
				DEBUG_INFORMATION_FORMAT = dwarf;
				ENABLE_STRICT_OBJC_MSGSEND = YES;
				ENABLE_TESTABILITY = YES;
				GCC_C_LANGUAGE_STANDARD = gnu11;
				GCC_DYNAMIC_NO_PIC = NO;
				GCC_NO_COMMON_BLOCKS = YES;
				GCC_OPTIMIZATION_LEVEL = 0;
				GCC_PREPROCESSOR_DEFINITIONS = (
					"DEBUG=1",
					"$(inherited)",
				);
				GCC_WARN_64_TO_32_BIT_CONVERSION = YES;
				GCC_WARN_ABOUT_RETURN_TYPE = YES_ERROR;
				GCC_WARN_UNDECLARED_SELECTOR = YES;
				GCC_WARN_UNINITIALIZED_AUTOS = YES_AGGRESSIVE;
				GCC_WARN_UNUSED_FUNCTION = YES;
				GCC_WARN_UNUSED_VARIABLE = YES;
				INFOPLIST_FILE = Imahen2/info.plist;
				"INFOPLIST_FILE[sdk=*]" = "";
				IPHONEOS_DEPLOYMENT_TARGET = 16.4;
				MTL_ENABLE_DEBUG_INFO = INCLUDE_SOURCE;
				MTL_FAST_MATH = YES;
				ONLY_ACTIVE_ARCH = YES;
				SDKROOT = iphoneos;
				SWIFT_ACTIVE_COMPILATION_CONDITIONS = DEBUG;
				SWIFT_OPTIMIZATION_LEVEL = "-Onone";
			};
			name = Debug;
		};
		991354812AB78ADA00EE7FB3 /* Release */ = {
			isa = XCBuildConfiguration;
			buildSettings = {
				ALWAYS_SEARCH_USER_PATHS = NO;
				CLANG_ANALYZER_NONNULL = YES;
				CLANG_ANALYZER_NUMBER_OBJECT_CONVERSION = YES_AGGRESSIVE;
				CLANG_CXX_LANGUAGE_STANDARD = "gnu++20";
				CLANG_ENABLE_MODULES = YES;
				CLANG_ENABLE_OBJC_ARC = YES;
				CLANG_ENABLE_OBJC_WEAK = YES;
				CLANG_WARN_BLOCK_CAPTURE_AUTORELEASING = YES;
				CLANG_WARN_BOOL_CONVERSION = YES;
				CLANG_WARN_COMMA = YES;
				CLANG_WARN_CONSTANT_CONVERSION = YES;
				CLANG_WARN_DEPRECATED_OBJC_IMPLEMENTATIONS = YES;
				CLANG_WARN_DIRECT_OBJC_ISA_USAGE = YES_ERROR;
				CLANG_WARN_DOCUMENTATION_COMMENTS = YES;
				CLANG_WARN_EMPTY_BODY = YES;
				CLANG_WARN_ENUM_CONVERSION = YES;
				CLANG_WARN_INFINITE_RECURSION = YES;
				CLANG_WARN_INT_CONVERSION = YES;
				CLANG_WARN_NON_LITERAL_NULL_CONVERSION = YES;
				CLANG_WARN_OBJC_IMPLICIT_RETAIN_SELF = YES;
				CLANG_WARN_OBJC_LITERAL_CONVERSION = YES;
				CLANG_WARN_OBJC_ROOT_CLASS = YES_ERROR;
				CLANG_WARN_QUOTED_INCLUDE_IN_FRAMEWORK_HEADER = YES;
				CLANG_WARN_RANGE_LOOP_ANALYSIS = YES;
				CLANG_WARN_STRICT_PROTOTYPES = YES;
				CLANG_WARN_SUSPICIOUS_MOVE = YES;
				CLANG_WARN_UNGUARDED_AVAILABILITY = YES_AGGRESSIVE;
				CLANG_WARN_UNREACHABLE_CODE = YES;
				CLANG_WARN__DUPLICATE_METHOD_MATCH = YES;
				COPY_PHASE_STRIP = NO;
				DEBUG_INFORMATION_FORMAT = "dwarf-with-dsym";
				ENABLE_NS_ASSERTIONS = NO;
				ENABLE_STRICT_OBJC_MSGSEND = YES;
				GCC_C_LANGUAGE_STANDARD = gnu11;
				GCC_NO_COMMON_BLOCKS = YES;
				GCC_WARN_64_TO_32_BIT_CONVERSION = YES;
				GCC_WARN_ABOUT_RETURN_TYPE = YES_ERROR;
				GCC_WARN_UNDECLARED_SELECTOR = YES;
				GCC_WARN_UNINITIALIZED_AUTOS = YES_AGGRESSIVE;
				GCC_WARN_UNUSED_FUNCTION = YES;
				GCC_WARN_UNUSED_VARIABLE = YES;
				INFOPLIST_FILE = Imahen2/info.plist;
				IPHONEOS_DEPLOYMENT_TARGET = 16.4;
				MTL_ENABLE_DEBUG_INFO = NO;
				MTL_FAST_MATH = YES;
				SDKROOT = iphoneos;
				SWIFT_COMPILATION_MODE = wholemodule;
				SWIFT_OPTIMIZATION_LEVEL = "-O";
				VALIDATE_PRODUCT = YES;
			};
			name = Release;
		};
		991354832AB78ADA00EE7FB3 /* Debug */ = {
			isa = XCBuildConfiguration;
			buildSettings = {
				ASSETCATALOG_COMPILER_APPICON_NAME = AppIcon;
				ASSETCATALOG_COMPILER_GLOBAL_ACCENT_COLOR_NAME = AccentColor;
				CODE_SIGN_STYLE = Automatic;
				CURRENT_PROJECT_VERSION = 1;
				DEVELOPMENT_TEAM = XHF28X4N49;
				GENERATE_INFOPLIST_FILE = YES;
				INFOPLIST_FILE = Imahen2/Info.plist;
				INFOPLIST_KEY_UIApplicationSupportsIndirectInputEvents = YES;
				INFOPLIST_KEY_UILaunchStoryboardName = LaunchScreen;
				INFOPLIST_KEY_UIMainStoryboardFile = Main;
				INFOPLIST_KEY_UISupportedInterfaceOrientations_iPad = "UIInterfaceOrientationPortrait UIInterfaceOrientationPortraitUpsideDown UIInterfaceOrientationLandscapeLeft UIInterfaceOrientationLandscapeRight";
				INFOPLIST_KEY_UISupportedInterfaceOrientations_iPhone = "UIInterfaceOrientationPortrait UIInterfaceOrientationLandscapeLeft UIInterfaceOrientationLandscapeRight";
				LD_RUNPATH_SEARCH_PATHS = (
					"$(inherited)",
					"@executable_path/Frameworks",
				);
				MARKETING_VERSION = 1.0;
				PRODUCT_BUNDLE_IDENTIFIER = com.mnodado.Imahen2;
				PRODUCT_NAME = "$(TARGET_NAME)";
				SWIFT_EMIT_LOC_STRINGS = YES;
				SWIFT_VERSION = 5.0;
				TARGETED_DEVICE_FAMILY = "1,2";
			};
			name = Debug;
		};
		991354842AB78ADA00EE7FB3 /* Release */ = {
			isa = XCBuildConfiguration;
			buildSettings = {
				ASSETCATALOG_COMPILER_APPICON_NAME = AppIcon;
				ASSETCATALOG_COMPILER_GLOBAL_ACCENT_COLOR_NAME = AccentColor;
				CODE_SIGN_STYLE = Automatic;
				CURRENT_PROJECT_VERSION = 1;
				DEVELOPMENT_TEAM = XHF28X4N49;
				GENERATE_INFOPLIST_FILE = YES;
				INFOPLIST_FILE = Imahen2/Info.plist;
				INFOPLIST_KEY_UIApplicationSupportsIndirectInputEvents = YES;
				INFOPLIST_KEY_UILaunchStoryboardName = LaunchScreen;
				INFOPLIST_KEY_UIMainStoryboardFile = Main;
				INFOPLIST_KEY_UISupportedInterfaceOrientations_iPad = "UIInterfaceOrientationPortrait UIInterfaceOrientationPortraitUpsideDown UIInterfaceOrientationLandscapeLeft UIInterfaceOrientationLandscapeRight";
				INFOPLIST_KEY_UISupportedInterfaceOrientations_iPhone = "UIInterfaceOrientationPortrait UIInterfaceOrientationLandscapeLeft UIInterfaceOrientationLandscapeRight";
				LD_RUNPATH_SEARCH_PATHS = (
					"$(inherited)",
					"@executable_path/Frameworks",
				);
				MARKETING_VERSION = 1.0;
				PRODUCT_BUNDLE_IDENTIFIER = com.mnodado.Imahen2;
				PRODUCT_NAME = "$(TARGET_NAME)";
				SWIFT_EMIT_LOC_STRINGS = YES;
				SWIFT_VERSION = 5.0;
				TARGETED_DEVICE_FAMILY = "1,2";
			};
			name = Release;
		};
		99AB96D32ABE697C0032B3B0 /* Debug */ = {
			isa = XCBuildConfiguration;
			buildSettings = {
				BUNDLE_LOADER = "$(TEST_HOST)";
				CODE_SIGN_STYLE = Automatic;
				CURRENT_PROJECT_VERSION = 1;
				DEVELOPMENT_TEAM = XHF28X4N49;
				GENERATE_INFOPLIST_FILE = YES;
				MARKETING_VERSION = 1.0;
				PRODUCT_BUNDLE_IDENTIFIER = com.mnodado.Imahen2Tests;
				PRODUCT_NAME = "$(TARGET_NAME)";
				SWIFT_EMIT_LOC_STRINGS = NO;
				SWIFT_VERSION = 5.0;
				TARGETED_DEVICE_FAMILY = "1,2";
				TEST_HOST = "$(BUILT_PRODUCTS_DIR)/Imahen2.app/$(BUNDLE_EXECUTABLE_FOLDER_PATH)/Imahen2";
			};
			name = Debug;
		};
		99AB96D42ABE697C0032B3B0 /* Release */ = {
			isa = XCBuildConfiguration;
			buildSettings = {
				BUNDLE_LOADER = "$(TEST_HOST)";
				CODE_SIGN_STYLE = Automatic;
				CURRENT_PROJECT_VERSION = 1;
				DEVELOPMENT_TEAM = XHF28X4N49;
				GENERATE_INFOPLIST_FILE = YES;
				MARKETING_VERSION = 1.0;
				PRODUCT_BUNDLE_IDENTIFIER = com.mnodado.Imahen2Tests;
				PRODUCT_NAME = "$(TARGET_NAME)";
				SWIFT_EMIT_LOC_STRINGS = NO;
				SWIFT_VERSION = 5.0;
				TARGETED_DEVICE_FAMILY = "1,2";
				TEST_HOST = "$(BUILT_PRODUCTS_DIR)/Imahen2.app/$(BUNDLE_EXECUTABLE_FOLDER_PATH)/Imahen2";
			};
			name = Release;
		};
		99AB96E22ABE70D30032B3B0 /* Debug */ = {
			isa = XCBuildConfiguration;
			buildSettings = {
				CODE_SIGN_STYLE = Automatic;
				CURRENT_PROJECT_VERSION = 1;
				DEVELOPMENT_TEAM = XHF28X4N49;
				GENERATE_INFOPLIST_FILE = YES;
				MARKETING_VERSION = 1.0;
				PRODUCT_BUNDLE_IDENTIFIER = com.mnodado.Imahen2UITests;
				PRODUCT_NAME = "$(TARGET_NAME)";
				SWIFT_EMIT_LOC_STRINGS = NO;
				SWIFT_VERSION = 5.0;
				TARGETED_DEVICE_FAMILY = "1,2";
				TEST_TARGET_NAME = Imahen2;
			};
			name = Debug;
		};
		99AB96E32ABE70D30032B3B0 /* Release */ = {
			isa = XCBuildConfiguration;
			buildSettings = {
				CODE_SIGN_STYLE = Automatic;
				CURRENT_PROJECT_VERSION = 1;
				DEVELOPMENT_TEAM = XHF28X4N49;
				GENERATE_INFOPLIST_FILE = YES;
				MARKETING_VERSION = 1.0;
				PRODUCT_BUNDLE_IDENTIFIER = com.mnodado.Imahen2UITests;
				PRODUCT_NAME = "$(TARGET_NAME)";
				SWIFT_EMIT_LOC_STRINGS = NO;
				SWIFT_VERSION = 5.0;
				TARGETED_DEVICE_FAMILY = "1,2";
				TEST_TARGET_NAME = Imahen2;
			};
			name = Release;
		};
/* End XCBuildConfiguration section */

/* Begin XCConfigurationList section */
		991354692AB78AD800EE7FB3 /* Build configuration list for PBXProject "Imahen2" */ = {
			isa = XCConfigurationList;
			buildConfigurations = (
				991354802AB78ADA00EE7FB3 /* Debug */,
				991354812AB78ADA00EE7FB3 /* Release */,
			);
			defaultConfigurationIsVisible = 0;
			defaultConfigurationName = Release;
		};
		991354822AB78ADA00EE7FB3 /* Build configuration list for PBXNativeTarget "Imahen2" */ = {
			isa = XCConfigurationList;
			buildConfigurations = (
				991354832AB78ADA00EE7FB3 /* Debug */,
				991354842AB78ADA00EE7FB3 /* Release */,
			);
			defaultConfigurationIsVisible = 0;
			defaultConfigurationName = Release;
		};
		99AB96D22ABE697C0032B3B0 /* Build configuration list for PBXNativeTarget "Imahen2Tests" */ = {
			isa = XCConfigurationList;
			buildConfigurations = (
				99AB96D32ABE697C0032B3B0 /* Debug */,
				99AB96D42ABE697C0032B3B0 /* Release */,
			);
			defaultConfigurationIsVisible = 0;
			defaultConfigurationName = Release;
		};
		99AB96E12ABE70D30032B3B0 /* Build configuration list for PBXNativeTarget "Imahen2UITests" */ = {
			isa = XCConfigurationList;
			buildConfigurations = (
				99AB96E22ABE70D30032B3B0 /* Debug */,
				99AB96E32ABE70D30032B3B0 /* Release */,
			);
			defaultConfigurationIsVisible = 0;
			defaultConfigurationName = Release;
		};
/* End XCConfigurationList section */
	};
	rootObject = 991354662AB78AD800EE7FB3 /* Project object */;
}
